{
  "name": "app",
  "version": "0.0.0",
  "lockfileVersion": 1,
  "requires": true,
  "dependencies": {
    "scheduler": {
      "version": "0.0.0",
      "requires": {
        "doctor": "^0.0.0",
        "patient": "^0.0.0"
      },
      "dependencies": {
        "doctor": {
          "version": "0.0.0",
          "bundled": true
        },
        "patient": {
          "version": "0.0.0",
          "bundled": true
        }
      }
    }
  }
}
